
Microsoft Visual Studio Solution File, Format Version 12.00
# Visual Studio Version 17
VisualStudioVersion = 17.0.31903.59
MinimumVisualStudioVersion = 10.0.40219.1
Project("{9A19103F-16F7-4668-BE54-9A1E7A4F7556}") = "Warcraft.NET", "Warcraft.NET\Warcraft.NET\Warcraft.NET.csproj", "{064CD5EE-DE56-434B-977B-48159F19E6D8}"
EndProject
Project("{9A19103F-16F7-4668-BE54-9A1E7A4F7556}") = "WarcraftAnalyzer", "WarcraftAnalyzer\WarcraftAnalyzer.csproj", "{DAD2A486-074B-A5B8-7580-6CC06CFB50FF}"
EndProject
Project("{FAE04EC0-301F-11D3-BF4B-00C04F79EFBC}") = "TestWLW", "TestWLW.csproj", "{4C36A809-46B2-45C2-AC61-1ACDAD18FE20}"
EndProject
Project("{FAE04EC0-301F-11D3-BF4B-00C04F79EFBC}") = "TestPM4", "TestPM4.csproj", "{1D615176-0578-4695-A9D0-4783705DE006}"
EndProject
Project("{FAE04EC0-301F-11D3-BF4B-00C04F79EFBC}") = "SimplePM4Test", "SimplePM4Test.csproj", "{9176B556-3AFF-434C-9567-9A0D6A8DE68A}"
EndProject
Project("{FAE04EC0-301F-11D3-BF4B-00C04F79EFBC}") = "MinimalPM4Test", "MinimalPM4Test.csproj", "{4E5A4A46-5C6E-45C8-86A7-845F623EBBCA}"
EndProject
Project("{FAE04EC0-301F-11D3-BF4B-00C04F79EFBC}") = "PM4AnalysisExample", "PM4AnalysisExample.csproj", "{DFD36A08-C295-4EA1-8877-9D29779D2FD9}"
EndProject
Global
	GlobalSection(SolutionConfigurationPlatforms) = preSolution
		Debug|Any CPU = Debug|Any CPU
		Debug|x64 = Debug|x64
		Debug|x86 = Debug|x86
		Release|Any CPU = Release|Any CPU
		Release|x64 = Release|x64
		Release|x86 = Release|x86
	EndGlobalSection
	GlobalSection(ProjectConfigurationPlatforms) = postSolution
		{064CD5EE-DE56-434B-977B-48159F19E6D8}.Debug|Any CPU.ActiveCfg = Debug|Any CPU
		{064CD5EE-DE56-434B-977B-48159F19E6D8}.Debug|Any CPU.Build.0 = Debug|Any CPU
		{064CD5EE-DE56-434B-977B-48159F19E6D8}.Debug|x64.ActiveCfg = Debug|Any CPU
		{064CD5EE-DE56-434B-977B-48159F19E6D8}.Debug|x64.Build.0 = Debug|Any CPU
		{064CD5EE-DE56-434B-977B-48159F19E6D8}.Debug|x86.ActiveCfg = Debug|Any CPU
		{064CD5EE-DE56-434B-977B-48159F19E6D8}.Debug|x86.Build.0 = Debug|Any CPU
		{064CD5EE-DE56-434B-977B-48159F19E6D8}.Release|Any CPU.ActiveCfg = Release|Any CPU
		{064CD5EE-DE56-434B-977B-48159F19E6D8}.Release|Any CPU.Build.0 = Release|Any CPU
		{064CD5EE-DE56-434B-977B-48159F19E6D8}.Release|x64.ActiveCfg = Release|Any CPU
		{064CD5EE-DE56-434B-977B-48159F19E6D8}.Release|x64.Build.0 = Release|Any CPU
		{064CD5EE-DE56-434B-977B-48159F19E6D8}.Release|x86.ActiveCfg = Release|Any CPU
		{064CD5EE-DE56-434B-977B-48159F19E6D8}.Release|x86.Build.0 = Release|Any CPU
		{DAD2A486-074B-A5B8-7580-6CC06CFB50FF}.Debug|Any CPU.ActiveCfg = Debug|Any CPU
		{DAD2A486-074B-A5B8-7580-6CC06CFB50FF}.Debug|Any CPU.Build.0 = Debug|Any CPU
		{DAD2A486-074B-A5B8-7580-6CC06CFB50FF}.Debug|x64.ActiveCfg = Debug|Any CPU
		{DAD2A486-074B-A5B8-7580-6CC06CFB50FF}.Debug|x64.Build.0 = Debug|Any CPU
		{DAD2A486-074B-A5B8-7580-6CC06CFB50FF}.Debug|x86.ActiveCfg = Debug|Any CPU
		{DAD2A486-074B-A5B8-7580-6CC06CFB50FF}.Debug|x86.Build.0 = Debug|Any CPU
		{DAD2A486-074B-A5B8-7580-6CC06CFB50FF}.Release|Any CPU.ActiveCfg = Release|Any CPU
		{DAD2A486-074B-A5B8-7580-6CC06CFB50FF}.Release|Any CPU.Build.0 = Release|Any CPU
		{DAD2A486-074B-A5B8-7580-6CC06CFB50FF}.Release|x64.ActiveCfg = Release|Any CPU
		{DAD2A486-074B-A5B8-7580-6CC06CFB50FF}.Release|x64.Build.0 = Release|Any CPU
		{DAD2A486-074B-A5B8-7580-6CC06CFB50FF}.Release|x86.ActiveCfg = Release|Any CPU
		{DAD2A486-074B-A5B8-7580-6CC06CFB50FF}.Release|x86.Build.0 = Release|Any CPU
		{4C36A809-46B2-45C2-AC61-1ACDAD18FE20}.Debug|Any CPU.ActiveCfg = Debug|Any CPU
		{4C36A809-46B2-45C2-AC61-1ACDAD18FE20}.Debug|Any CPU.Build.0 = Debug|Any CPU
		{4C36A809-46B2-45C2-AC61-1ACDAD18FE20}.Debug|x64.ActiveCfg = Debug|Any CPU
		{4C36A809-46B2-45C2-AC61-1ACDAD18FE20}.Debug|x64.Build.0 = Debug|Any CPU
		{4C36A809-46B2-45C2-AC61-1ACDAD18FE20}.Debug|x86.ActiveCfg = Debug|Any CPU
		{4C36A809-46B2-45C2-AC61-1ACDAD18FE20}.Debug|x86.Build.0 = Debug|Any CPU
		{4C36A809-46B2-45C2-AC61-1ACDAD18FE20}.Release|Any CPU.ActiveCfg = Release|Any CPU
		{4C36A809-46B2-45C2-AC61-1ACDAD18FE20}.Release|Any CPU.Build.0 = Release|Any CPU
		{4C36A809-46B2-45C2-AC61-1ACDAD18FE20}.Release|x64.ActiveCfg = Release|Any CPU
		{4C36A809-46B2-45C2-AC61-1ACDAD18FE20}.Release|x64.Build.0 = Release|Any CPU
		{4C36A809-46B2-45C2-AC61-1ACDAD18FE20}.Release|x86.ActiveCfg = Release|Any CPU
		{4C36A809-46B2-45C2-AC61-1ACDAD18FE20}.Release|x86.Build.0 = Release|Any CPU
		{1D615176-0578-4695-A9D0-4783705DE006}.Debug|Any CPU.ActiveCfg = Debug|Any CPU
		{1D615176-0578-4695-A9D0-4783705DE006}.Debug|Any CPU.Build.0 = Debug|Any CPU
		{1D615176-0578-4695-A9D0-4783705DE006}.Debug|x64.ActiveCfg = Debug|Any CPU
		{1D615176-0578-4695-A9D0-4783705DE006}.Debug|x64.Build.0 = Debug|Any CPU
		{1D615176-0578-4695-A9D0-4783705DE006}.Debug|x86.ActiveCfg = Debug|Any CPU
		{1D615176-0578-4695-A9D0-4783705DE006}.Debug|x86.Build.0 = Debug|Any CPU
		{1D615176-0578-4695-A9D0-4783705DE006}.Release|Any CPU.ActiveCfg = Release|Any CPU
		{1D615176-0578-4695-A9D0-4783705DE006}.Release|Any CPU.Build.0 = Release|Any CPU
		{1D615176-0578-4695-A9D0-4783705DE006}.Release|x64.ActiveCfg = Release|Any CPU
		{1D615176-0578-4695-A9D0-4783705DE006}.Release|x64.Build.0 = Release|Any CPU
		{1D615176-0578-4695-A9D0-4783705DE006}.Release|x86.ActiveCfg = Release|Any CPU
		{1D615176-0578-4695-A9D0-4783705DE006}.Release|x86.Build.0 = Release|Any CPU
		{9176B556-3AFF-434C-9567-9A0D6A8DE68A}.Debug|Any CPU.ActiveCfg = Debug|Any CPU
		{9176B556-3AFF-434C-9567-9A0D6A8DE68A}.Debug|Any CPU.Build.0 = Debug|Any CPU
		{9176B556-3AFF-434C-9567-9A0D6A8DE68A}.Debug|x64.ActiveCfg = Debug|Any CPU
		{9176B556-3AFF-434C-9567-9A0D6A8DE68A}.Debug|x64.Build.0 = Debug|Any CPU
		{9176B556-3AFF-434C-9567-9A0D6A8DE68A}.Debug|x86.ActiveCfg = Debug|Any CPU
		{9176B556-3AFF-434C-9567-9A0D6A8DE68A}.Debug|x86.Build.0 = Debug|Any CPU
		{9176B556-3AFF-434C-9567-9A0D6A8DE68A}.Release|Any CPU.ActiveCfg = Release|Any CPU
		{9176B556-3AFF-434C-9567-9A0D6A8DE68A}.Release|Any CPU.Build.0 = Release|Any CPU
		{9176B556-3AFF-434C-9567-9A0D6A8DE68A}.Release|x64.ActiveCfg = Release|Any CPU
		{9176B556-3AFF-434C-9567-9A0D6A8DE68A}.Release|x64.Build.0 = Release|Any CPU
		{9176B556-3AFF-434C-9567-9A0D6A8DE68A}.Release|x86.ActiveCfg = Release|Any CPU
		{9176B556-3AFF-434C-9567-9A0D6A8DE68A}.Release|x86.Build.0 = Release|Any CPU
		{4E5A4A46-5C6E-45C8-86A7-845F623EBBCA}.Debug|Any CPU.ActiveCfg = Debug|Any CPU
		{4E5A4A46-5C6E-45C8-86A7-845F623EBBCA}.Debug|Any CPU.Build.0 = Debug|Any CPU
		{4E5A4A46-5C6E-45C8-86A7-845F623EBBCA}.Debug|x64.ActiveCfg = Debug|Any CPU
		{4E5A4A46-5C6E-45C8-86A7-845F623EBBCA}.Debug|x64.Build.0 = Debug|Any CPU
		{4E5A4A46-5C6E-45C8-86A7-845F623EBBCA}.Debug|x86.ActiveCfg = Debug|Any CPU
		{4E5A4A46-5C6E-45C8-86A7-845F623EBBCA}.Debug|x86.Build.0 = Debug|Any CPU
		{4E5A4A46-5C6E-45C8-86A7-845F623EBBCA}.Release|Any CPU.ActiveCfg = Release|Any CPU
		{4E5A4A46-5C6E-45C8-86A7-845F623EBBCA}.Release|Any CPU.Build.0 = Release|Any CPU
		{4E5A4A46-5C6E-45C8-86A7-845F623EBBCA}.Release|x64.ActiveCfg = Release|Any CPU
		{4E5A4A46-5C6E-45C8-86A7-845F623EBBCA}.Release|x64.Build.0 = Release|Any CPU
		{4E5A4A46-5C6E-45C8-86A7-845F623EBBCA}.Release|x86.ActiveCfg = Release|Any CPU
		{4E5A4A46-5C6E-45C8-86A7-845F623EBBCA}.Release|x86.Build.0 = Release|Any CPU
		{DFD36A08-C295-4EA1-8877-9D29779D2FD9}.Debug|Any CPU.ActiveCfg = Debug|Any CPU
		{DFD36A08-C295-4EA1-8877-9D29779D2FD9}.Debug|Any CPU.Build.0 = Debug|Any CPU
		{DFD36A08-C295-4EA1-8877-9D29779D2FD9}.Debug|x64.ActiveCfg = Debug|Any CPU
		{DFD36A08-C295-4EA1-8877-9D29779D2FD9}.Debug|x64.Build.0 = Debug|Any CPU
		{DFD36A08-C295-4EA1-8877-9D29779D2FD9}.Debug|x86.ActiveCfg = Debug|Any CPU
		{DFD36A08-C295-4EA1-8877-9D29779D2FD9}.Debug|x86.Build.0 = Debug|Any CPU
		{DFD36A08-C295-4EA1-8877-9D29779D2FD9}.Release|Any CPU.ActiveCfg = Release|Any CPU
		{DFD36A08-C295-4EA1-8877-9D29779D2FD9}.Release|Any CPU.Build.0 = Release|Any CPU
		{DFD36A08-C295-4EA1-8877-9D29779D2FD9}.Release|x64.ActiveCfg = Release|Any CPU
		{DFD36A08-C295-4EA1-8877-9D29779D2FD9}.Release|x64.Build.0 = Release|Any CPU
		{DFD36A08-C295-4EA1-8877-9D29779D2FD9}.Release|x86.ActiveCfg = Release|Any CPU
		{DFD36A08-C295-4EA1-8877-9D29779D2FD9}.Release|x86.Build.0 = Release|Any CPU
	EndGlobalSection
	GlobalSection(SolutionProperties) = preSolution
		HideSolutionNode = FALSE
	EndGlobalSection
EndGlobal
